{
  "name": "pulsar-node-rust-client",
  "version": "0.0.0",
  "lockfileVersion": 2,
  "requires": true,
  "packages": {
    "": {
      "name": "pulsar-node-rust-client",
      "version": "0.0.0",
      "license": "MIT",
      "devDependencies": {
        "@napi-rs/cli": "^2.4.1"
      },
      "engines": {
        "node": ">= 10"
      }
    },
    "node_modules/@napi-rs/cli": {
      "version": "2.4.1",
      "resolved": "https://registry.npmjs.org/@napi-rs/cli/-/cli-2.4.1.tgz",
      "integrity": "sha512-H+3PgpL3XIdkKo5eeExuQjJ0lt83BS/IhjYpLGmN6c1yWnT1aTiCDlpQo8vVNuw2bkytEQwHeYUlEdBp2DF5mw==",
      "dev": true,
      "bin": {
        "napi": "scripts/index.js"
      },
      "engines": {
        "node": ">= 10"
      },
      "funding": {
        "type": "github",
        "url": "https://github.com/sponsors/Brooooooklyn"
      }
    }
  },
  "dependencies": {
    "@napi-rs/cli": {
      "version": "2.4.1",
      "resolved": "https://registry.npmjs.org/@napi-rs/cli/-/cli-2.4.1.tgz",
      "integrity": "sha512-H+3PgpL3XIdkKo5eeExuQjJ0lt83BS/IhjYpLGmN6c1yWnT1aTiCDlpQo8vVNuw2bkytEQwHeYUlEdBp2DF5mw==",
      "dev": true
    }
  }
}
