# THIS IS AN AUTOGENERATED FILE. DO NOT EDIT THIS FILE DIRECTLY.
# yarn lockfile v1


"@napi-rs/cli@^2.4.1":
  version "2.4.1"
  resolved "https://registry.yarnpkg.com/@napi-rs/cli/-/cli-2.4.1.tgz#03b55ad13a421d1d4031d6b807423a72cf6fb9ca"
  integrity sha512-H+3PgpL3XIdkKo5eeExuQjJ0lt83BS/IhjYpLGmN6c1yWnT1aTiCDlpQo8vVNuw2bkytEQwHeYUlEdBp2DF5mw==
